
Microsoft Visual Studio Solution File, Format Version 12.00
# Visual Studio Version 17
VisualStudioVersion = 17.6.33712.159
MinimumVisualStudioVersion = 10.0.40219.1
Project("{9A19103F-16F7-4668-BE54-9A1E7A4F7556}") = "PM-Capstone-2", "PM Capstone 2\PM-Capstone-2.csproj", "{EFF74854-9937-4292-91EF-4834EE43EE98}"
EndProject
Global
	GlobalSection(SolutionConfigurationPlatforms) = preSolution
		Debug|Any CPU = Debug|Any CPU
		Release|Any CPU = Release|Any CPU
	EndGlobalSection
	GlobalSection(ProjectConfigurationPlatforms) = postSolution
		{EFF74854-9937-4292-91EF-4834EE43EE98}.Debug|Any CPU.ActiveCfg = Debug|Any CPU
		{EFF74854-9937-4292-91EF-4834EE43EE98}.Debug|Any CPU.Build.0 = Debug|Any CPU
		{EFF74854-9937-4292-91EF-4834EE43EE98}.Release|Any CPU.ActiveCfg = Release|Any CPU
		{EFF74854-9937-4292-91EF-4834EE43EE98}.Release|Any CPU.Build.0 = Release|Any CPU
	EndGlobalSection
	GlobalSection(SolutionProperties) = preSolution
		HideSolutionNode = FALSE
	EndGlobalSection
	GlobalSection(ExtensibilityGlobals) = postSolution
		SolutionGuid = {E3471DA6-84F4-4C89-8EA2-BB76D8C7789F}
	EndGlobalSection
EndGlobal
